
Microsoft Visual Studio Solution File, Format Version 12.00
# Visual Studio Version 17
VisualStudioVersion = 17.5.33516.290
MinimumVisualStudioVersion = 10.0.40219.1
Project("{8BC9CEB8-8B4A-11D0-8D11-00A0C91BC942}") = "BOJ_17386", "BOJ_17386.vcxproj", "{82073DFB-7999-4DCE-B2AD-48BBE7536910}"
EndProject
Global
	GlobalSection(SolutionConfigurationPlatforms) = preSolution
		Debug|x64 = Debug|x64
		Release|x64 = Release|x64
	EndGlobalSection
	GlobalSection(ProjectConfigurationPlatforms) = postSolution
		{82073DFB-7999-4DCE-B2AD-48BBE7536910}.Debug|x64.ActiveCfg = Debug|x64
		{82073DFB-7999-4DCE-B2AD-48BBE7536910}.Debug|x64.Build.0 = Debug|x64
		{82073DFB-7999-4DCE-B2AD-48BBE7536910}.Release|x64.ActiveCfg = Release|x64
		{82073DFB-7999-4DCE-B2AD-48BBE7536910}.Release|x64.Build.0 = Release|x64
	EndGlobalSection
	GlobalSection(SolutionProperties) = preSolution
		HideSolutionNode = FALSE
	EndGlobalSection
	GlobalSection(ExtensibilityGlobals) = postSolution
		SolutionGuid = {7CE3201C-039E-4A7A-A8E3-6A37C8E57BEE}
	EndGlobalSection
EndGlobal
